
Microsoft Visual Studio Solution File, Format Version 12.00
# Visual Studio Version 17
VisualStudioVersion = 17.8.34330.188
MinimumVisualStudioVersion = 10.0.40219.1
Project("{FAE04EC0-301F-11D3-BF4B-00C04F79EFBC}") = "CollegeRecorde", "CollegeRecorde.csproj", "{751098C9-29C0-4B20-942E-89E2C36ADCDF}"
EndProject
Global
	GlobalSection(SolutionConfigurationPlatforms) = preSolution
		Debug|Any CPU = Debug|Any CPU
		Release|Any CPU = Release|Any CPU
	EndGlobalSection
	GlobalSection(ProjectConfigurationPlatforms) = postSolution
		{751098C9-29C0-4B20-942E-89E2C36ADCDF}.Debug|Any CPU.ActiveCfg = Debug|Any CPU
		{751098C9-29C0-4B20-942E-89E2C36ADCDF}.Debug|Any CPU.Build.0 = Debug|Any CPU
		{751098C9-29C0-4B20-942E-89E2C36ADCDF}.Release|Any CPU.ActiveCfg = Release|Any CPU
		{751098C9-29C0-4B20-942E-89E2C36ADCDF}.Release|Any CPU.Build.0 = Release|Any CPU
	EndGlobalSection
	GlobalSection(SolutionProperties) = preSolution
		HideSolutionNode = FALSE
	EndGlobalSection
	GlobalSection(ExtensibilityGlobals) = postSolution
		SolutionGuid = {18B7C252-6122-4A34-8168-194A123BBC15}
	EndGlobalSection
EndGlobal
